// !$*UTF8*$!
{
	archiveVersion = 1;
	classes = {
	};
	objectVersion = 50;
	objects = {

/* Begin PBXBuildFile section */
		EB51A40E2262E1C000494123 /* AudioQueue.swift in Sources */ = {isa = PBXBuildFile; fileRef = EB51A40D2262E1C000494123 /* AudioQueue.swift */; };
		EB90FF132253D7D8006D766A /* AppDelegate.swift in Sources */ = {isa = PBXBuildFile; fileRef = EB90FF122253D7D8006D766A /* AppDelegate.swift */; };
		EB90FF152253D7D8006D766A /* ViewController.swift in Sources */ = {isa = PBXBuildFile; fileRef = EB90FF142253D7D8006D766A /* ViewController.swift */; };
		EB90FF182253D7D9006D766A /* Main.storyboard in Resources */ = {isa = PBXBuildFile; fileRef = EB90FF162253D7D9006D766A /* Main.storyboard */; };
		EB90FF1A2253D7DB006D766A /* Assets.xcassets in Resources */ = {isa = PBXBuildFile; fileRef = EB90FF192253D7DB006D766A /* Assets.xcassets */; };
		EB90FF1D2253D7DB006D766A /* LaunchScreen.storyboard in Resources */ = {isa = PBXBuildFile; fileRef = EB90FF1B2253D7DB006D766A /* LaunchScreen.storyboard */; };
		EB90FF27225FCDC0006D766A /* FlatSpeechModelWrapper.swift in Sources */ = {isa = PBXBuildFile; fileRef = EB90FF26225FCDC0006D766A /* FlatSpeechModelWrapper.swift */; };
		EB90FF2B2260EC6C006D766A /* Autocorrelation.mlmodel in Sources */ = {isa = PBXBuildFile; fileRef = EB90FF2A2260EC6C006D766A /* Autocorrelation.mlmodel */; };
		EB90FF2D226108BD006D766A /* FlatSpeech.mlmodel in Sources */ = {isa = PBXBuildFile; fileRef = EB90FF2C226108BD006D766A /* FlatSpeech.mlmodel */; };
/* End PBXBuildFile section */

/* Begin PBXFileReference section */
		EB51A40D2262E1C000494123 /* AudioQueue.swift */ = {isa = PBXFileReference; lastKnownFileType = sourcecode.swift; path = AudioQueue.swift; sourceTree = "<group>"; };
		EB90FF0F2253D7D8006D766A /* SpeechRecognitionDemo.app */ = {isa = PBXFileReference; explicitFileType = wrapper.application; includeInIndex = 0; path = SpeechRecognitionDemo.app; sourceTree = BUILT_PRODUCTS_DIR; };
		EB90FF122253D7D8006D766A /* AppDelegate.swift */ = {isa = PBXFileReference; lastKnownFileType = sourcecode.swift; path = AppDelegate.swift; sourceTree = "<group>"; };
		EB90FF142253D7D8006D766A /* ViewController.swift */ = {isa = PBXFileReference; lastKnownFileType = sourcecode.swift; path = ViewController.swift; sourceTree = "<group>"; };
		EB90FF172253D7D9006D766A /* Base */ = {isa = PBXFileReference; lastKnownFileType = file.storyboard; name = Base; path = Base.lproj/Main.storyboard; sourceTree = "<group>"; };
		EB90FF192253D7DB006D766A /* Assets.xcassets */ = {isa = PBXFileReference; lastKnownFileType = folder.assetcatalog; path = Assets.xcassets; sourceTree = "<group>"; };
		EB90FF1C2253D7DB006D766A /* Base */ = {isa = PBXFileReference; lastKnownFileType = file.storyboard; name = Base; path = Base.lproj/LaunchScreen.storyboard; sourceTree = "<group>"; };
		EB90FF1E2253D7DB006D766A /* Info.plist */ = {isa = PBXFileReference; lastKnownFileType = text.plist.xml; path = Info.plist; sourceTree = "<group>"; };
		EB90FF26225FCDC0006D766A /* FlatSpeechModelWrapper.swift */ = {isa = PBXFileReference; lastKnownFileType = sourcecode.swift; path = FlatSpeechModelWrapper.swift; sourceTree = "<group>"; };
		EB90FF2A2260EC6C006D766A /* Autocorrelation.mlmodel */ = {isa = PBXFileReference; lastKnownFileType = file.mlmodel; name = Autocorrelation.mlmodel; path = models/Autocorrelation.mlmodel; sourceTree = "<group>"; };
		EB90FF2C226108BD006D766A /* FlatSpeech.mlmodel */ = {isa = PBXFileReference; lastKnownFileType = file.mlmodel; name = FlatSpeech.mlmodel; path = models/FlatSpeech.mlmodel; sourceTree = "<group>"; };
/* End PBXFileReference section */

/* Begin PBXFrameworksBuildPhase section */
		EB90FF0C2253D7D8006D766A /* Frameworks */ = {
			isa = PBXFrameworksBuildPhase;
			buildActionMask = 2147483647;
			files = (
			);
			runOnlyForDeploymentPostprocessing = 0;
		};
/* End PBXFrameworksBuildPhase section */

/* Begin PBXGroup section */
		EB90FF062253D7D8006D766A = {
			isa = PBXGroup;
			children = (
				EB90FF112253D7D8006D766A /* SpeechRecognitionDemo */,
				EB90FF102253D7D8006D766A /* Products */,
			);
			sourceTree = "<group>";
		};
		EB90FF102253D7D8006D766A /* Products */ = {
			isa = PBXGroup;
			children = (
				EB90FF0F2253D7D8006D766A /* SpeechRecognitionDemo.app */,
			);
			name = Products;
			sourceTree = "<group>";
		};
		EB90FF112253D7D8006D766A /* SpeechRecognitionDemo */ = {
			isa = PBXGroup;
			children = (
				EB90FF2C226108BD006D766A /* FlatSpeech.mlmodel */,
				EB90FF2A2260EC6C006D766A /* Autocorrelation.mlmodel */,
				EB90FF122253D7D8006D766A /* AppDelegate.swift */,
				EB90FF142253D7D8006D766A /* ViewController.swift */,
				EB90FF162253D7D9006D766A /* Main.storyboard */,
				EB90FF192253D7DB006D766A /* Assets.xcassets */,
				EB90FF1B2253D7DB006D766A /* LaunchScreen.storyboard */,
				EB90FF1E2253D7DB006D766A /* Info.plist */,
				EB90FF26225FCDC0006D766A /* FlatSpeechModelWrapper.swift */,
				EB51A40D2262E1C000494123 /* AudioQueue.swift */,
			);
			path = SpeechRecognitionDemo;
			sourceTree = "<group>";
		};
/* End PBXGroup section */

/* Begin PBXNativeTarget section */
		EB90FF0E2253D7D8006D766A /* SpeechRecognitionDemo */ = {
			isa = PBXNativeTarget;
			buildConfigurationList = EB90FF212253D7DB006D766A /* Build configuration list for PBXNativeTarget "SpeechRecognitionDemo" */;
			buildPhases = (
				EB90FF0B2253D7D8006D766A /* Sources */,
				EB90FF0C2253D7D8006D766A /* Frameworks */,
				EB90FF0D2253D7D8006D766A /* Resources */,
			);
			buildRules = (
			);
			dependencies = (
			);
			name = SpeechRecognitionDemo;
			productName = SpeechRecognitionDemo;
			productReference = EB90FF0F2253D7D8006D766A /* SpeechRecognitionDemo.app */;
			productType = "com.apple.product-type.application";
		};
/* End PBXNativeTarget section */

/* Begin PBXProject section */
		EB90FF072253D7D8006D766A /* Project object */ = {
			isa = PBXProject;
			attributes = {
				LastSwiftUpdateCheck = 1010;
				LastUpgradeCheck = 1010;
				ORGANIZATIONNAME = picottd;
				TargetAttributes = {
					EB90FF0E2253D7D8006D766A = {
						CreatedOnToolsVersion = 10.1;
					};
				};
			};
			buildConfigurationList = EB90FF0A2253D7D8006D766A /* Build configuration list for PBXProject "SpeechRecognitionDemo" */;
			compatibilityVersion = "Xcode 9.3";
			developmentRegion = en;
			hasScannedForEncodings = 0;
			knownRegions = (
				en,
				Base,
			);
			mainGroup = EB90FF062253D7D8006D766A;
			productRefGroup = EB90FF102253D7D8006D766A /* Products */;
			projectDirPath = "";
			projectRoot = "";
			targets = (
				EB90FF0E2253D7D8006D766A /* SpeechRecognitionDemo */,
			);
		};
/* End PBXProject section */

/* Begin PBXResourcesBuildPhase section */
		EB90FF0D2253D7D8006D766A /* Resources */ = {
			isa = PBXResourcesBuildPhase;
			buildActionMask = 2147483647;
			files = (
				EB90FF1D2253D7DB006D766A /* LaunchScreen.storyboard in Resources */,
				EB90FF1A2253D7DB006D766A /* Assets.xcassets in Resources */,
				EB90FF182253D7D9006D766A /* Main.storyboard in Resources */,
			);
			runOnlyForDeploymentPostprocessing = 0;
		};
/* End PBXResourcesBuildPhase section */

/* Begin PBXSourcesBuildPhase section */
		EB90FF0B2253D7D8006D766A /* Sources */ = {
			isa = PBXSourcesBuildPhase;
			buildActionMask = 2147483647;
			files = (
				EB90FF27225FCDC0006D766A /* FlatSpeechModelWrapper.swift in Sources */,
				EB90FF152253D7D8006D766A /* ViewController.swift in Sources */,
				EB90FF2D226108BD006D766A /* FlatSpeech.mlmodel in Sources */,
				EB90FF132253D7D8006D766A /* AppDelegate.swift in Sources */,
				EB51A40E2262E1C000494123 /* AudioQueue.swift in Sources */,
				EB90FF2B2260EC6C006D766A /* Autocorrelation.mlmodel in Sources */,
			);
			runOnlyForDeploymentPostprocessing = 0;
		};
/* End PBXSourcesBuildPhase section */

/* Begin PBXVariantGroup section */
		EB90FF162253D7D9006D766A /* Main.storyboard */ = {
			isa = PBXVariantGroup;
			children = (
				EB90FF172253D7D9006D766A /* Base */,
			);
			name = Main.storyboard;
			sourceTree = "<group>";
		};
		EB90FF1B2253D7DB006D766A /* LaunchScreen.storyboard */ = {
			isa = PBXVariantGroup;
			children = (
				EB90FF1C2253D7DB006D766A /* Base */,
			);
			name = LaunchScreen.storyboard;
			sourceTree = "<group>";
		};
/* End PBXVariantGroup section */

/* Begin XCBuildConfiguration section */
		EB90FF1F2253D7DB006D766A /* Debug */ = {
			isa = XCBuildConfiguration;
			buildSettings = {
				ALWAYS_SEARCH_USER_PATHS = NO;
				CLANG_ANALYZER_NONNULL = YES;
				CLANG_ANALYZER_NUMBER_OBJECT_CONVERSION = YES_AGGRESSIVE;
				CLANG_CXX_LANGUAGE_STANDARD = "gnu++14";
				CLANG_CXX_LIBRARY = "libc++";
				CLANG_ENABLE_MODULES = YES;
				CLANG_ENABLE_OBJC_ARC = YES;
				CLANG_ENABLE_OBJC_WEAK = YES;
				CLANG_WARN_BLOCK_CAPTURE_AUTORELEASING = YES;
				CLANG_WARN_BOOL_CONVERSION = YES;
				CLANG_WARN_COMMA = YES;
				CLANG_WARN_CONSTANT_CONVERSION = YES;
				CLANG_WARN_DEPRECATED_OBJC_IMPLEMENTATIONS = YES;
				CLANG_WARN_DIRECT_OBJC_ISA_USAGE = YES_ERROR;
				CLANG_WARN_DOCUMENTATION_COMMENTS = YES;
				CLANG_WARN_EMPTY_BODY = YES;
				CLANG_WARN_ENUM_CONVERSION = YES;
				CLANG_WARN_INFINITE_RECURSION = YES;
				CLANG_WARN_INT_CONVERSION = YES;
				CLANG_WARN_NON_LITERAL_NULL_CONVERSION = YES;
				CLANG_WARN_OBJC_IMPLICIT_RETAIN_SELF = YES;
				CLANG_WARN_OBJC_LITERAL_CONVERSION = YES;
				CLANG_WARN_OBJC_ROOT_CLASS = YES_ERROR;
				CLANG_WARN_RANGE_LOOP_ANALYSIS = YES;
				CLANG_WARN_STRICT_PROTOTYPES = YES;
				CLANG_WARN_SUSPICIOUS_MOVE = YES;
				CLANG_WARN_UNGUARDED_AVAILABILITY = YES_AGGRESSIVE;
				CLANG_WARN_UNREACHABLE_CODE = YES;
				CLANG_WARN__DUPLICATE_METHOD_MATCH = YES;
				CODE_SIGN_IDENTITY = "iPhone Developer";
				COPY_PHASE_STRIP = NO;
				DEBUG_INFORMATION_FORMAT = dwarf;
				ENABLE_STRICT_OBJC_MSGSEND = YES;
				ENABLE_TESTABILITY = YES;
				GCC_C_LANGUAGE_STANDARD = gnu11;
				GCC_DYNAMIC_NO_PIC = NO;
				GCC_NO_COMMON_BLOCKS = YES;
				GCC_OPTIMIZATION_LEVEL = 0;
				GCC_PREPROCESSOR_DEFINITIONS = (
					"DEBUG=1",
					"$(inherited)",
				);
				GCC_WARN_64_TO_32_BIT_CONVERSION = YES;
				GCC_WARN_ABOUT_RETURN_TYPE = YES_ERROR;
				GCC_WARN_UNDECLARED_SELECTOR = YES;
				GCC_WARN_UNINITIALIZED_AUTOS = YES_AGGRESSIVE;
				GCC_WARN_UNUSED_FUNCTION = YES;
				GCC_WARN_UNUSED_VARIABLE = YES;
				IPHONEOS_DEPLOYMENT_TARGET = 12.1;
				MTL_ENABLE_DEBUG_INFO = INCLUDE_SOURCE;
				MTL_FAST_MATH = YES;
				ONLY_ACTIVE_ARCH = YES;
				SDKROOT = iphoneos;
				SWIFT_ACTIVE_COMPILATION_CONDITIONS = DEBUG;
				SWIFT_OPTIMIZATION_LEVEL = "-Onone";
			};
			name = Debug;
		};
		EB90FF202253D7DB006D766A /* Release */ = {
			isa = XCBuildConfiguration;
			buildSettings = {
				ALWAYS_SEARCH_USER_PATHS = NO;
				CLANG_ANALYZER_NONNULL = YES;
				CLANG_ANALYZER_NUMBER_OBJECT_CONVERSION = YES_AGGRESSIVE;
				CLANG_CXX_LANGUAGE_STANDARD = "gnu++14";
				CLANG_CXX_LIBRARY = "libc++";
				CLANG_ENABLE_MODULES = YES;
				CLANG_ENABLE_OBJC_ARC = YES;
				CLANG_ENABLE_OBJC_WEAK = YES;
				CLANG_WARN_BLOCK_CAPTURE_AUTORELEASING = YES;
				CLANG_WARN_BOOL_CONVERSION = YES;
				CLANG_WARN_COMMA = YES;
				CLANG_WARN_CONSTANT_CONVERSION = YES;
				CLANG_WARN_DEPRECATED_OBJC_IMPLEMENTATIONS = YES;
				CLANG_WARN_DIRECT_OBJC_ISA_USAGE = YES_ERROR;
				CLANG_WARN_DOCUMENTATION_COMMENTS = YES;
				CLANG_WARN_EMPTY_BODY = YES;
				CLANG_WARN_ENUM_CONVERSION = YES;
				CLANG_WARN_INFINITE_RECURSION = YES;
				CLANG_WARN_INT_CONVERSION = YES;
				CLANG_WARN_NON_LITERAL_NULL_CONVERSION = YES;
				CLANG_WARN_OBJC_IMPLICIT_RETAIN_SELF = YES;
				CLANG_WARN_OBJC_LITERAL_CONVERSION = YES;
				CLANG_WARN_OBJC_ROOT_CLASS = YES_ERROR;
				CLANG_WARN_RANGE_LOOP_ANALYSIS = YES;
				CLANG_WARN_STRICT_PROTOTYPES = YES;
				CLANG_WARN_SUSPICIOUS_MOVE = YES;
				CLANG_WARN_UNGUARDED_AVAILABILITY = YES_AGGRESSIVE;
				CLANG_WARN_UNREACHABLE_CODE = YES;
				CLANG_WARN__DUPLICATE_METHOD_MATCH = YES;
				CODE_SIGN_IDENTITY = "iPhone Developer";
				COPY_PHASE_STRIP = NO;
				DEBUG_INFORMATION_FORMAT = "dwarf-with-dsym";
				ENABLE_NS_ASSERTIONS = NO;
				ENABLE_STRICT_OBJC_MSGSEND = YES;
				GCC_C_LANGUAGE_STANDARD = gnu11;
				GCC_NO_COMMON_BLOCKS = YES;
				GCC_WARN_64_TO_32_BIT_CONVERSION = YES;
				GCC_WARN_ABOUT_RETURN_TYPE = YES_ERROR;
				GCC_WARN_UNDECLARED_SELECTOR = YES;
				GCC_WARN_UNINITIALIZED_AUTOS = YES_AGGRESSIVE;
				GCC_WARN_UNUSED_FUNCTION = YES;
				GCC_WARN_UNUSED_VARIABLE = YES;
				IPHONEOS_DEPLOYMENT_TARGET = 12.1;
				MTL_ENABLE_DEBUG_INFO = NO;
				MTL_FAST_MATH = YES;
				SDKROOT = iphoneos;
				SWIFT_COMPILATION_MODE = wholemodule;
				SWIFT_OPTIMIZATION_LEVEL = "-O";
				VALIDATE_PRODUCT = YES;
			};
			name = Release;
		};
		EB90FF222253D7DB006D766A /* Debug */ = {
			isa = XCBuildConfiguration;
			buildSettings = {
				ASSETCATALOG_COMPILER_APPICON_NAME = AppIcon;
				CODE_SIGN_STYLE = Automatic;
				DEVELOPMENT_TEAM = MT5SRLJK67;
				INFOPLIST_FILE = SpeechRecognitionDemo/Info.plist;
				LD_RUNPATH_SEARCH_PATHS = (
					"$(inherited)",
					"@executable_path/Frameworks",
				);
				PRODUCT_BUNDLE_IDENTIFIER = picottd.SpeechRecognitionDemo;
				PRODUCT_NAME = "$(TARGET_NAME)";
				SWIFT_VERSION = 4.2;
				TARGETED_DEVICE_FAMILY = "1,2";
			};
			name = Debug;
		};
		EB90FF232253D7DB006D766A /* Release */ = {
			isa = XCBuildConfiguration;
			buildSettings = {
				ASSETCATALOG_COMPILER_APPICON_NAME = AppIcon;
				CODE_SIGN_STYLE = Automatic;
				DEVELOPMENT_TEAM = MT5SRLJK67;
				INFOPLIST_FILE = SpeechRecognitionDemo/Info.plist;
				LD_RUNPATH_SEARCH_PATHS = (
					"$(inherited)",
					"@executable_path/Frameworks",
				);
				PRODUCT_BUNDLE_IDENTIFIER = picottd.SpeechRecognitionDemo;
				PRODUCT_NAME = "$(TARGET_NAME)";
				SWIFT_VERSION = 4.2;
				TARGETED_DEVICE_FAMILY = "1,2";
			};
			name = Release;
		};
/* End XCBuildConfiguration section */

/* Begin XCConfigurationList section */
		EB90FF0A2253D7D8006D766A /* Build configuration list for PBXProject "SpeechRecognitionDemo" */ = {
			isa = XCConfigurationList;
			buildConfigurations = (
				EB90FF1F2253D7DB006D766A /* Debug */,
				EB90FF202253D7DB006D766A /* Release */,
			);
			defaultConfigurationIsVisible = 0;
			defaultConfigurationName = Release;
		};
		EB90FF212253D7DB006D766A /* Build configuration list for PBXNativeTarget "SpeechRecognitionDemo" */ = {
			isa = XCConfigurationList;
			buildConfigurations = (
				EB90FF222253D7DB006D766A /* Debug */,
				EB90FF232253D7DB006D766A /* Release */,
			);
			defaultConfigurationIsVisible = 0;
			defaultConfigurationName = Release;
		};
/* End XCConfigurationList section */
	};
	rootObject = EB90FF072253D7D8006D766A /* Project object */;
}
